
Microsoft Visual Studio Solution File, Format Version 12.00
# Visual Studio Version 17
VisualStudioVersion = 17.6.33717.318
MinimumVisualStudioVersion = 10.0.40219.1
Project("{FAE04EC0-301F-11D3-BF4B-00C04F79EFBC}") = "Phantom", "Phantom\Phantom.csproj", "{D5234FE0-DA82-4FCD-A5F2-94B9D8C72AB1}"
EndProject
Global
	GlobalSection(SolutionConfigurationPlatforms) = preSolution
		Debug|Any CPU = Debug|Any CPU
		Release|Any CPU = Release|Any CPU
	EndGlobalSection
	GlobalSection(ProjectConfigurationPlatforms) = postSolution
		{D5234FE0-DA82-4FCD-A5F2-94B9D8C72AB1}.Debug|Any CPU.ActiveCfg = Debug|Any CPU
		{D5234FE0-DA82-4FCD-A5F2-94B9D8C72AB1}.Debug|Any CPU.Build.0 = Debug|Any CPU
		{D5234FE0-DA82-4FCD-A5F2-94B9D8C72AB1}.Release|Any CPU.ActiveCfg = Release|Any CPU
		{D5234FE0-DA82-4FCD-A5F2-94B9D8C72AB1}.Release|Any CPU.Build.0 = Release|Any CPU
	EndGlobalSection
	GlobalSection(SolutionProperties) = preSolution
		HideSolutionNode = FALSE
	EndGlobalSection
	GlobalSection(ExtensibilityGlobals) = postSolution
		SolutionGuid = {9B354D99-7005-4840-B446-B8276308AF4B}
	EndGlobalSection
EndGlobal
